
Microsoft Visual Studio Solution File, Format Version 12.00
# Visual Studio Version 16
VisualStudioVersion = 16.0.31729.503
MinimumVisualStudioVersion = 10.0.40219.1
Project("{FAE04EC0-301F-11D3-BF4B-00C04F79EFBC}") = "Multivlaai 4", "Multivlaai 4\Multivlaai 4.csproj", "{B80C5344-6833-4325-ADA6-249E3C1373A8}"
EndProject
Global
	GlobalSection(SolutionConfigurationPlatforms) = preSolution
		Debug|Any CPU = Debug|Any CPU
		Release|Any CPU = Release|Any CPU
	EndGlobalSection
	GlobalSection(ProjectConfigurationPlatforms) = postSolution
		{B80C5344-6833-4325-ADA6-249E3C1373A8}.Debug|Any CPU.ActiveCfg = Debug|Any CPU
		{B80C5344-6833-4325-ADA6-249E3C1373A8}.Debug|Any CPU.Build.0 = Debug|Any CPU
		{B80C5344-6833-4325-ADA6-249E3C1373A8}.Release|Any CPU.ActiveCfg = Release|Any CPU
		{B80C5344-6833-4325-ADA6-249E3C1373A8}.Release|Any CPU.Build.0 = Release|Any CPU
	EndGlobalSection
	GlobalSection(SolutionProperties) = preSolution
		HideSolutionNode = FALSE
	EndGlobalSection
	GlobalSection(ExtensibilityGlobals) = postSolution
		SolutionGuid = {6DD7F13E-62CE-4021-8970-F00FEA8A1875}
	EndGlobalSection
EndGlobal
